
Microsoft Visual Studio Solution File, Format Version 12.00
# Visual Studio Version 16
VisualStudioVersion = 16.0.29521.150
MinimumVisualStudioVersion = 15.0.26124.0
Project("{2150E333-8FDC-42A3-9474-1A3956D46DE8}") = "src", "src", "{D530CEBF-33A3-4BCE-9887-A50F5AE789A3}"
	ProjectSection(SolutionItems) = preProject
		src\Directory.Build.props = src\Directory.Build.props
	EndProjectSection
EndProject
Project("{2150E333-8FDC-42A3-9474-1A3956D46DE8}") = "test", "test", "{CA934242-6AB7-40F0-B433-A2D9BF10EF4A}"
	ProjectSection(SolutionItems) = preProject
		test\Directory.Build.props = test\Directory.Build.props
	EndProjectSection
EndProject
Project("{FAE04EC0-301F-11D3-BF4B-00C04F79EFBC}") = "HotChocolate.Stitching", "src\Stitching\HotChocolate.Stitching.csproj", "{C00D54A3-7AC1-4F6B-A7EF-FB865090E7D3}"
EndProject
Project("{FAE04EC0-301F-11D3-BF4B-00C04F79EFBC}") = "TestApp", "test\TestApp\TestApp.csproj", "{6593EC28-7D7C-4A21-A741-5B5902457FDB}"
EndProject
Global
	GlobalSection(SolutionConfigurationPlatforms) = preSolution
		Debug|Any CPU = Debug|Any CPU
		Debug|x64 = Debug|x64
		Debug|x86 = Debug|x86
		Release|Any CPU = Release|Any CPU
		Release|x64 = Release|x64
		Release|x86 = Release|x86
	EndGlobalSection
	GlobalSection(ProjectConfigurationPlatforms) = postSolution
		{C00D54A3-7AC1-4F6B-A7EF-FB865090E7D3}.Debug|Any CPU.ActiveCfg = Debug|Any CPU
		{C00D54A3-7AC1-4F6B-A7EF-FB865090E7D3}.Debug|Any CPU.Build.0 = Debug|Any CPU
		{C00D54A3-7AC1-4F6B-A7EF-FB865090E7D3}.Debug|x64.ActiveCfg = Debug|Any CPU
		{C00D54A3-7AC1-4F6B-A7EF-FB865090E7D3}.Debug|x64.Build.0 = Debug|Any CPU
		{C00D54A3-7AC1-4F6B-A7EF-FB865090E7D3}.Debug|x86.ActiveCfg = Debug|Any CPU
		{C00D54A3-7AC1-4F6B-A7EF-FB865090E7D3}.Debug|x86.Build.0 = Debug|Any CPU
		{C00D54A3-7AC1-4F6B-A7EF-FB865090E7D3}.Release|Any CPU.ActiveCfg = Release|Any CPU
		{C00D54A3-7AC1-4F6B-A7EF-FB865090E7D3}.Release|Any CPU.Build.0 = Release|Any CPU
		{C00D54A3-7AC1-4F6B-A7EF-FB865090E7D3}.Release|x64.ActiveCfg = Release|Any CPU
		{C00D54A3-7AC1-4F6B-A7EF-FB865090E7D3}.Release|x64.Build.0 = Release|Any CPU
		{C00D54A3-7AC1-4F6B-A7EF-FB865090E7D3}.Release|x86.ActiveCfg = Release|Any CPU
		{C00D54A3-7AC1-4F6B-A7EF-FB865090E7D3}.Release|x86.Build.0 = Release|Any CPU
		{6593EC28-7D7C-4A21-A741-5B5902457FDB}.Debug|Any CPU.ActiveCfg = Debug|Any CPU
		{6593EC28-7D7C-4A21-A741-5B5902457FDB}.Debug|Any CPU.Build.0 = Debug|Any CPU
		{6593EC28-7D7C-4A21-A741-5B5902457FDB}.Debug|x64.ActiveCfg = Debug|Any CPU
		{6593EC28-7D7C-4A21-A741-5B5902457FDB}.Debug|x64.Build.0 = Debug|Any CPU
		{6593EC28-7D7C-4A21-A741-5B5902457FDB}.Debug|x86.ActiveCfg = Debug|Any CPU
		{6593EC28-7D7C-4A21-A741-5B5902457FDB}.Debug|x86.Build.0 = Debug|Any CPU
		{6593EC28-7D7C-4A21-A741-5B5902457FDB}.Release|Any CPU.ActiveCfg = Release|Any CPU
		{6593EC28-7D7C-4A21-A741-5B5902457FDB}.Release|Any CPU.Build.0 = Release|Any CPU
		{6593EC28-7D7C-4A21-A741-5B5902457FDB}.Release|x64.ActiveCfg = Release|Any CPU
		{6593EC28-7D7C-4A21-A741-5B5902457FDB}.Release|x64.Build.0 = Release|Any CPU
		{6593EC28-7D7C-4A21-A741-5B5902457FDB}.Release|x86.ActiveCfg = Release|Any CPU
		{6593EC28-7D7C-4A21-A741-5B5902457FDB}.Release|x86.Build.0 = Release|Any CPU
	EndGlobalSection
	GlobalSection(SolutionProperties) = preSolution
		HideSolutionNode = FALSE
	EndGlobalSection
	GlobalSection(NestedProjects) = preSolution
		{C00D54A3-7AC1-4F6B-A7EF-FB865090E7D3} = {D530CEBF-33A3-4BCE-9887-A50F5AE789A3}
		{6593EC28-7D7C-4A21-A741-5B5902457FDB} = {CA934242-6AB7-40F0-B433-A2D9BF10EF4A}
	EndGlobalSection
	GlobalSection(ExtensibilityGlobals) = postSolution
		SolutionGuid = {FB1557E1-2F94-4540-93E5-B47698838B72}
	EndGlobalSection
EndGlobal
